
Microsoft Visual Studio Solution File, Format Version 12.00
# Visual Studio 2017
Project("{FAE04EC0-301F-11D3-BF4B-00C04F79EFBC}") = "Divide_and_Conquer_Problem_Two", "Divide_and_Conquer_Problem_Two.csproj", "{2D73E6AD-647D-44FF-A191-6BF77861F5AA}"
EndProject
Global
	GlobalSection(SolutionConfigurationPlatforms) = preSolution
		Debug|Any CPU = Debug|Any CPU
		Release|Any CPU = Release|Any CPU
	EndGlobalSection
	GlobalSection(ProjectConfigurationPlatforms) = postSolution
		{2D73E6AD-647D-44FF-A191-6BF77861F5AA}.Debug|Any CPU.ActiveCfg = Debug|Any CPU
		{2D73E6AD-647D-44FF-A191-6BF77861F5AA}.Debug|Any CPU.Build.0 = Debug|Any CPU
		{2D73E6AD-647D-44FF-A191-6BF77861F5AA}.Release|Any CPU.ActiveCfg = Release|Any CPU
		{2D73E6AD-647D-44FF-A191-6BF77861F5AA}.Release|Any CPU.Build.0 = Release|Any CPU
	EndGlobalSection
EndGlobal
